// !$*UTF8*$!
{
	archiveVersion = 1;
	classes = {
	};
	objectVersion = 55;
	objects = {

/* Begin PBXBuildFile section */
		00C2D80E27A75A45001CD0C0 /* AppDelegate.swift in Sources */ = {isa = PBXBuildFile; fileRef = 00C2D80D27A75A45001CD0C0 /* AppDelegate.swift */; };
		00C2D81027A75A45001CD0C0 /* SceneDelegate.swift in Sources */ = {isa = PBXBuildFile; fileRef = 00C2D80F27A75A45001CD0C0 /* SceneDelegate.swift */; };
		00C2D81527A75A45001CD0C0 /* Main.storyboard in Resources */ = {isa = PBXBuildFile; fileRef = 00C2D81327A75A45001CD0C0 /* Main.storyboard */; };
		00C2D81727A75A45001CD0C0 /* Assets.xcassets in Resources */ = {isa = PBXBuildFile; fileRef = 00C2D81627A75A45001CD0C0 /* Assets.xcassets */; };
		00C2D81A27A75A45001CD0C0 /* LaunchScreen.storyboard in Resources */ = {isa = PBXBuildFile; fileRef = 00C2D81827A75A45001CD0C0 /* LaunchScreen.storyboard */; };
		00C2D82827A77783001CD0C0 /* QuotesViewController.swift in Sources */ = {isa = PBXBuildFile; fileRef = 00C2D82727A77783001CD0C0 /* QuotesViewController.swift */; };
		00C2D82A27A777D9001CD0C0 /* SettingsViewController.swift in Sources */ = {isa = PBXBuildFile; fileRef = 00C2D82927A777D9001CD0C0 /* SettingsViewController.swift */; };
		00C2D82E27A77F0E001CD0C0 /* Quote.swift in Sources */ = {isa = PBXBuildFile; fileRef = 00C2D82D27A77F0E001CD0C0 /* Quote.swift */; };
		00C2D83127A77F6E001CD0C0 /* QuotesMenager.swift in Sources */ = {isa = PBXBuildFile; fileRef = 00C2D83027A77F6E001CD0C0 /* QuotesMenager.swift */; };
		00C2D83327A77FB8001CD0C0 /* Configuration.swift in Sources */ = {isa = PBXBuildFile; fileRef = 00C2D83227A77FB8001CD0C0 /* Configuration.swift */; };
/* End PBXBuildFile section */

/* Begin PBXFileReference section */
		00C2D80A27A75A45001CD0C0 /* Thoughts.app */ = {isa = PBXFileReference; explicitFileType = wrapper.application; includeInIndex = 0; path = Thoughts.app; sourceTree = BUILT_PRODUCTS_DIR; };
		00C2D80D27A75A45001CD0C0 /* AppDelegate.swift */ = {isa = PBXFileReference; lastKnownFileType = sourcecode.swift; path = AppDelegate.swift; sourceTree = "<group>"; };
		00C2D80F27A75A45001CD0C0 /* SceneDelegate.swift */ = {isa = PBXFileReference; lastKnownFileType = sourcecode.swift; path = SceneDelegate.swift; sourceTree = "<group>"; };
		00C2D81427A75A45001CD0C0 /* Base */ = {isa = PBXFileReference; lastKnownFileType = file.storyboard; name = Base; path = Base.lproj/Main.storyboard; sourceTree = "<group>"; };
		00C2D81627A75A45001CD0C0 /* Assets.xcassets */ = {isa = PBXFileReference; lastKnownFileType = folder.assetcatalog; path = Assets.xcassets; sourceTree = "<group>"; };
		00C2D81927A75A45001CD0C0 /* Base */ = {isa = PBXFileReference; lastKnownFileType = file.storyboard; name = Base; path = Base.lproj/LaunchScreen.storyboard; sourceTree = "<group>"; };
		00C2D81B27A75A45001CD0C0 /* Info.plist */ = {isa = PBXFileReference; lastKnownFileType = text.plist.xml; path = Info.plist; sourceTree = "<group>"; };
		00C2D82527A75B95001CD0C0 /* Savoye LET.ttc */ = {isa = PBXFileReference; lastKnownFileType = file; path = "Savoye LET.ttc"; sourceTree = "<group>"; };
		00C2D82627A75B98001CD0C0 /* quotes.json */ = {isa = PBXFileReference; lastKnownFileType = text.json; path = quotes.json; sourceTree = "<group>"; };
		00C2D82727A77783001CD0C0 /* QuotesViewController.swift */ = {isa = PBXFileReference; lastKnownFileType = sourcecode.swift; path = QuotesViewController.swift; sourceTree = "<group>"; };
		00C2D82927A777D9001CD0C0 /* SettingsViewController.swift */ = {isa = PBXFileReference; lastKnownFileType = sourcecode.swift; path = SettingsViewController.swift; sourceTree = "<group>"; };
		00C2D82D27A77F0E001CD0C0 /* Quote.swift */ = {isa = PBXFileReference; lastKnownFileType = sourcecode.swift; path = Quote.swift; sourceTree = "<group>"; };
		00C2D83027A77F6E001CD0C0 /* QuotesMenager.swift */ = {isa = PBXFileReference; lastKnownFileType = sourcecode.swift; path = QuotesMenager.swift; sourceTree = "<group>"; };
		00C2D83227A77FB8001CD0C0 /* Configuration.swift */ = {isa = PBXFileReference; lastKnownFileType = sourcecode.swift; path = Configuration.swift; sourceTree = "<group>"; };
/* End PBXFileReference section */

/* Begin PBXFrameworksBuildPhase section */
		00C2D80727A75A45001CD0C0 /* Frameworks */ = {
			isa = PBXFrameworksBuildPhase;
			buildActionMask = 2147483647;
			files = (
			);
			runOnlyForDeploymentPostprocessing = 0;
		};
/* End PBXFrameworksBuildPhase section */

/* Begin PBXGroup section */
		00C2D80127A75A44001CD0C0 = {
			isa = PBXGroup;
			children = (
				00C2D80C27A75A45001CD0C0 /* Thoughts */,
				00C2D80B27A75A45001CD0C0 /* Products */,
			);
			sourceTree = "<group>";
		};
		00C2D80B27A75A45001CD0C0 /* Products */ = {
			isa = PBXGroup;
			children = (
				00C2D80A27A75A45001CD0C0 /* Thoughts.app */,
			);
			name = Products;
			sourceTree = "<group>";
		};
		00C2D80C27A75A45001CD0C0 /* Thoughts */ = {
			isa = PBXGroup;
			children = (
				00C2D80D27A75A45001CD0C0 /* AppDelegate.swift */,
				00C2D80F27A75A45001CD0C0 /* SceneDelegate.swift */,
				00C2D82427A75B8E001CD0C0 /* Files */,
				00C2D82C27A77859001CD0C0 /* Views */,
				00C2D82B27A777FE001CD0C0 /* Controllers */,
				00C2D82F27A77F3A001CD0C0 /* Models */,
				00C2D81B27A75A45001CD0C0 /* Info.plist */,
				00C2D81627A75A45001CD0C0 /* Assets.xcassets */,
			);
			path = Thoughts;
			sourceTree = "<group>";
		};
		00C2D82427A75B8E001CD0C0 /* Files */ = {
			isa = PBXGroup;
			children = (
				00C2D82627A75B98001CD0C0 /* quotes.json */,
				00C2D82527A75B95001CD0C0 /* Savoye LET.ttc */,
			);
			path = Files;
			sourceTree = "<group>";
		};
		00C2D82B27A777FE001CD0C0 /* Controllers */ = {
			isa = PBXGroup;
			children = (
				00C2D82927A777D9001CD0C0 /* SettingsViewController.swift */,
				00C2D82727A77783001CD0C0 /* QuotesViewController.swift */,
			);
			path = Controllers;
			sourceTree = "<group>";
		};
		00C2D82C27A77859001CD0C0 /* Views */ = {
			isa = PBXGroup;
			children = (
				00C2D81827A75A45001CD0C0 /* LaunchScreen.storyboard */,
				00C2D81327A75A45001CD0C0 /* Main.storyboard */,
			);
			path = Views;
			sourceTree = "<group>";
		};
		00C2D82F27A77F3A001CD0C0 /* Models */ = {
			isa = PBXGroup;
			children = (
				00C2D83027A77F6E001CD0C0 /* QuotesMenager.swift */,
				00C2D82D27A77F0E001CD0C0 /* Quote.swift */,
				00C2D83227A77FB8001CD0C0 /* Configuration.swift */,
			);
			path = Models;
			sourceTree = "<group>";
		};
/* End PBXGroup section */

/* Begin PBXNativeTarget section */
		00C2D80927A75A45001CD0C0 /* Thoughts */ = {
			isa = PBXNativeTarget;
			buildConfigurationList = 00C2D81E27A75A45001CD0C0 /* Build configuration list for PBXNativeTarget "Thoughts" */;
			buildPhases = (
				00C2D80627A75A45001CD0C0 /* Sources */,
				00C2D80727A75A45001CD0C0 /* Frameworks */,
				00C2D80827A75A45001CD0C0 /* Resources */,
			);
			buildRules = (
			);
			dependencies = (
			);
			name = Thoughts;
			productName = Thoughts;
			productReference = 00C2D80A27A75A45001CD0C0 /* Thoughts.app */;
			productType = "com.apple.product-type.application";
		};
/* End PBXNativeTarget section */

/* Begin PBXProject section */
		00C2D80227A75A44001CD0C0 /* Project object */ = {
			isa = PBXProject;
			attributes = {
				BuildIndependentTargetsInParallel = 1;
				LastSwiftUpdateCheck = 1320;
				LastUpgradeCheck = 1320;
				TargetAttributes = {
					00C2D80927A75A45001CD0C0 = {
						CreatedOnToolsVersion = 13.2.1;
					};
				};
			};
			buildConfigurationList = 00C2D80527A75A44001CD0C0 /* Build configuration list for PBXProject "Thoughts" */;
			compatibilityVersion = "Xcode 13.0";
			developmentRegion = en;
			hasScannedForEncodings = 0;
			knownRegions = (
				en,
				Base,
			);
			mainGroup = 00C2D80127A75A44001CD0C0;
			productRefGroup = 00C2D80B27A75A45001CD0C0 /* Products */;
			projectDirPath = "";
			projectRoot = "";
			targets = (
				00C2D80927A75A45001CD0C0 /* Thoughts */,
			);
		};
/* End PBXProject section */

/* Begin PBXResourcesBuildPhase section */
		00C2D80827A75A45001CD0C0 /* Resources */ = {
			isa = PBXResourcesBuildPhase;
			buildActionMask = 2147483647;
			files = (
				00C2D81A27A75A45001CD0C0 /* LaunchScreen.storyboard in Resources */,
				00C2D81727A75A45001CD0C0 /* Assets.xcassets in Resources */,
				00C2D81527A75A45001CD0C0 /* Main.storyboard in Resources */,
			);
			runOnlyForDeploymentPostprocessing = 0;
		};
/* End PBXResourcesBuildPhase section */

/* Begin PBXSourcesBuildPhase section */
		00C2D80627A75A45001CD0C0 /* Sources */ = {
			isa = PBXSourcesBuildPhase;
			buildActionMask = 2147483647;
			files = (
				00C2D82827A77783001CD0C0 /* QuotesViewController.swift in Sources */,
				00C2D80E27A75A45001CD0C0 /* AppDelegate.swift in Sources */,
				00C2D83327A77FB8001CD0C0 /* Configuration.swift in Sources */,
				00C2D83127A77F6E001CD0C0 /* QuotesMenager.swift in Sources */,
				00C2D81027A75A45001CD0C0 /* SceneDelegate.swift in Sources */,
				00C2D82E27A77F0E001CD0C0 /* Quote.swift in Sources */,
				00C2D82A27A777D9001CD0C0 /* SettingsViewController.swift in Sources */,
			);
			runOnlyForDeploymentPostprocessing = 0;
		};
/* End PBXSourcesBuildPhase section */

/* Begin PBXVariantGroup section */
		00C2D81327A75A45001CD0C0 /* Main.storyboard */ = {
			isa = PBXVariantGroup;
			children = (
				00C2D81427A75A45001CD0C0 /* Base */,
			);
			name = Main.storyboard;
			sourceTree = "<group>";
		};
		00C2D81827A75A45001CD0C0 /* LaunchScreen.storyboard */ = {
			isa = PBXVariantGroup;
			children = (
				00C2D81927A75A45001CD0C0 /* Base */,
			);
			name = LaunchScreen.storyboard;
			sourceTree = "<group>";
		};
/* End PBXVariantGroup section */

/* Begin XCBuildConfiguration section */
		00C2D81C27A75A45001CD0C0 /* Debug */ = {
			isa = XCBuildConfiguration;
			buildSettings = {
				ALWAYS_SEARCH_USER_PATHS = NO;
				CLANG_ANALYZER_NONNULL = YES;
				CLANG_ANALYZER_NUMBER_OBJECT_CONVERSION = YES_AGGRESSIVE;
				CLANG_CXX_LANGUAGE_STANDARD = "gnu++17";
				CLANG_CXX_LIBRARY = "libc++";
				CLANG_ENABLE_MODULES = YES;
				CLANG_ENABLE_OBJC_ARC = YES;
				CLANG_ENABLE_OBJC_WEAK = YES;
				CLANG_WARN_BLOCK_CAPTURE_AUTORELEASING = YES;
				CLANG_WARN_BOOL_CONVERSION = YES;
				CLANG_WARN_COMMA = YES;
				CLANG_WARN_CONSTANT_CONVERSION = YES;
				CLANG_WARN_DEPRECATED_OBJC_IMPLEMENTATIONS = YES;
				CLANG_WARN_DIRECT_OBJC_ISA_USAGE = YES_ERROR;
				CLANG_WARN_DOCUMENTATION_COMMENTS = YES;
				CLANG_WARN_EMPTY_BODY = YES;
				CLANG_WARN_ENUM_CONVERSION = YES;
				CLANG_WARN_INFINITE_RECURSION = YES;
				CLANG_WARN_INT_CONVERSION = YES;
				CLANG_WARN_NON_LITERAL_NULL_CONVERSION = YES;
				CLANG_WARN_OBJC_IMPLICIT_RETAIN_SELF = YES;
				CLANG_WARN_OBJC_LITERAL_CONVERSION = YES;
				CLANG_WARN_OBJC_ROOT_CLASS = YES_ERROR;
				CLANG_WARN_QUOTED_INCLUDE_IN_FRAMEWORK_HEADER = YES;
				CLANG_WARN_RANGE_LOOP_ANALYSIS = YES;
				CLANG_WARN_STRICT_PROTOTYPES = YES;
				CLANG_WARN_SUSPICIOUS_MOVE = YES;
				CLANG_WARN_UNGUARDED_AVAILABILITY = YES_AGGRESSIVE;
				CLANG_WARN_UNREACHABLE_CODE = YES;
				CLANG_WARN__DUPLICATE_METHOD_MATCH = YES;
				COPY_PHASE_STRIP = NO;
				DEBUG_INFORMATION_FORMAT = dwarf;
				ENABLE_STRICT_OBJC_MSGSEND = YES;
				ENABLE_TESTABILITY = YES;
				GCC_C_LANGUAGE_STANDARD = gnu11;
				GCC_DYNAMIC_NO_PIC = NO;
				GCC_NO_COMMON_BLOCKS = YES;
				GCC_OPTIMIZATION_LEVEL = 0;
				GCC_PREPROCESSOR_DEFINITIONS = (
					"DEBUG=1",
					"$(inherited)",
				);
				GCC_WARN_64_TO_32_BIT_CONVERSION = YES;
				GCC_WARN_ABOUT_RETURN_TYPE = YES_ERROR;
				GCC_WARN_UNDECLARED_SELECTOR = YES;
				GCC_WARN_UNINITIALIZED_AUTOS = YES_AGGRESSIVE;
				GCC_WARN_UNUSED_FUNCTION = YES;
				GCC_WARN_UNUSED_VARIABLE = YES;
				IPHONEOS_DEPLOYMENT_TARGET = 15.2;
				MTL_ENABLE_DEBUG_INFO = INCLUDE_SOURCE;
				MTL_FAST_MATH = YES;
				ONLY_ACTIVE_ARCH = YES;
				SDKROOT = iphoneos;
				SWIFT_ACTIVE_COMPILATION_CONDITIONS = DEBUG;
				SWIFT_OPTIMIZATION_LEVEL = "-Onone";
			};
			name = Debug;
		};
		00C2D81D27A75A45001CD0C0 /* Release */ = {
			isa = XCBuildConfiguration;
			buildSettings = {
				ALWAYS_SEARCH_USER_PATHS = NO;
				CLANG_ANALYZER_NONNULL = YES;
				CLANG_ANALYZER_NUMBER_OBJECT_CONVERSION = YES_AGGRESSIVE;
				CLANG_CXX_LANGUAGE_STANDARD = "gnu++17";
				CLANG_CXX_LIBRARY = "libc++";
				CLANG_ENABLE_MODULES = YES;
				CLANG_ENABLE_OBJC_ARC = YES;
				CLANG_ENABLE_OBJC_WEAK = YES;
				CLANG_WARN_BLOCK_CAPTURE_AUTORELEASING = YES;
				CLANG_WARN_BOOL_CONVERSION = YES;
				CLANG_WARN_COMMA = YES;
				CLANG_WARN_CONSTANT_CONVERSION = YES;
				CLANG_WARN_DEPRECATED_OBJC_IMPLEMENTATIONS = YES;
				CLANG_WARN_DIRECT_OBJC_ISA_USAGE = YES_ERROR;
				CLANG_WARN_DOCUMENTATION_COMMENTS = YES;
				CLANG_WARN_EMPTY_BODY = YES;
				CLANG_WARN_ENUM_CONVERSION = YES;
				CLANG_WARN_INFINITE_RECURSION = YES;
				CLANG_WARN_INT_CONVERSION = YES;
				CLANG_WARN_NON_LITERAL_NULL_CONVERSION = YES;
				CLANG_WARN_OBJC_IMPLICIT_RETAIN_SELF = YES;
				CLANG_WARN_OBJC_LITERAL_CONVERSION = YES;
				CLANG_WARN_OBJC_ROOT_CLASS = YES_ERROR;
				CLANG_WARN_QUOTED_INCLUDE_IN_FRAMEWORK_HEADER = YES;
				CLANG_WARN_RANGE_LOOP_ANALYSIS = YES;
				CLANG_WARN_STRICT_PROTOTYPES = YES;
				CLANG_WARN_SUSPICIOUS_MOVE = YES;
				CLANG_WARN_UNGUARDED_AVAILABILITY = YES_AGGRESSIVE;
				CLANG_WARN_UNREACHABLE_CODE = YES;
				CLANG_WARN__DUPLICATE_METHOD_MATCH = YES;
				COPY_PHASE_STRIP = NO;
				DEBUG_INFORMATION_FORMAT = "dwarf-with-dsym";
				ENABLE_NS_ASSERTIONS = NO;
				ENABLE_STRICT_OBJC_MSGSEND = YES;
				GCC_C_LANGUAGE_STANDARD = gnu11;
				GCC_NO_COMMON_BLOCKS = YES;
				GCC_WARN_64_TO_32_BIT_CONVERSION = YES;
				GCC_WARN_ABOUT_RETURN_TYPE = YES_ERROR;
				GCC_WARN_UNDECLARED_SELECTOR = YES;
				GCC_WARN_UNINITIALIZED_AUTOS = YES_AGGRESSIVE;
				GCC_WARN_UNUSED_FUNCTION = YES;
				GCC_WARN_UNUSED_VARIABLE = YES;
				IPHONEOS_DEPLOYMENT_TARGET = 15.2;
				MTL_ENABLE_DEBUG_INFO = NO;
				MTL_FAST_MATH = YES;
				SDKROOT = iphoneos;
				SWIFT_COMPILATION_MODE = wholemodule;
				SWIFT_OPTIMIZATION_LEVEL = "-O";
				VALIDATE_PRODUCT = YES;
			};
			name = Release;
		};
		00C2D81F27A75A45001CD0C0 /* Debug */ = {
			isa = XCBuildConfiguration;
			buildSettings = {
				ASSETCATALOG_COMPILER_APPICON_NAME = AppIcon;
				ASSETCATALOG_COMPILER_GLOBAL_ACCENT_COLOR_NAME = AccentColor;
				CODE_SIGN_STYLE = Automatic;
				CURRENT_PROJECT_VERSION = 1;
				GENERATE_INFOPLIST_FILE = YES;
				INFOPLIST_FILE = Thoughts/Info.plist;
				INFOPLIST_KEY_UIApplicationSupportsIndirectInputEvents = YES;
				INFOPLIST_KEY_UILaunchStoryboardName = LaunchScreen;
				INFOPLIST_KEY_UIMainStoryboardFile = Main;
				INFOPLIST_KEY_UISupportedInterfaceOrientations = UIInterfaceOrientationPortrait;
				INFOPLIST_KEY_UISupportedInterfaceOrientations_iPad = "UIInterfaceOrientationPortrait UIInterfaceOrientationPortraitUpsideDown UIInterfaceOrientationLandscapeLeft UIInterfaceOrientationLandscapeRight";
				INFOPLIST_KEY_UISupportedInterfaceOrientations_iPhone = "UIInterfaceOrientationPortrait UIInterfaceOrientationLandscapeLeft UIInterfaceOrientationLandscapeRight";
				LD_RUNPATH_SEARCH_PATHS = (
					"$(inherited)",
					"@executable_path/Frameworks",
				);
				MARKETING_VERSION = 1.0;
				PRODUCT_BUNDLE_IDENTIFIER = com.rennanbruno.Thoughts;
				PRODUCT_NAME = "$(TARGET_NAME)";
				SWIFT_EMIT_LOC_STRINGS = YES;
				SWIFT_VERSION = 5.0;
				TARGETED_DEVICE_FAMILY = 1;
			};
			name = Debug;
		};
		00C2D82027A75A45001CD0C0 /* Release */ = {
			isa = XCBuildConfiguration;
			buildSettings = {
				ASSETCATALOG_COMPILER_APPICON_NAME = AppIcon;
				ASSETCATALOG_COMPILER_GLOBAL_ACCENT_COLOR_NAME = AccentColor;
				CODE_SIGN_STYLE = Automatic;
				CURRENT_PROJECT_VERSION = 1;
				GENERATE_INFOPLIST_FILE = YES;
				INFOPLIST_FILE = Thoughts/Info.plist;
				INFOPLIST_KEY_UIApplicationSupportsIndirectInputEvents = YES;
				INFOPLIST_KEY_UILaunchStoryboardName = LaunchScreen;
				INFOPLIST_KEY_UIMainStoryboardFile = Main;
				INFOPLIST_KEY_UISupportedInterfaceOrientations = UIInterfaceOrientationPortrait;
				INFOPLIST_KEY_UISupportedInterfaceOrientations_iPad = "UIInterfaceOrientationPortrait UIInterfaceOrientationPortraitUpsideDown UIInterfaceOrientationLandscapeLeft UIInterfaceOrientationLandscapeRight";
				INFOPLIST_KEY_UISupportedInterfaceOrientations_iPhone = "UIInterfaceOrientationPortrait UIInterfaceOrientationLandscapeLeft UIInterfaceOrientationLandscapeRight";
				LD_RUNPATH_SEARCH_PATHS = (
					"$(inherited)",
					"@executable_path/Frameworks",
				);
				MARKETING_VERSION = 1.0;
				PRODUCT_BUNDLE_IDENTIFIER = com.rennanbruno.Thoughts;
				PRODUCT_NAME = "$(TARGET_NAME)";
				SWIFT_EMIT_LOC_STRINGS = YES;
				SWIFT_VERSION = 5.0;
				TARGETED_DEVICE_FAMILY = 1;
			};
			name = Release;
		};
/* End XCBuildConfiguration section */

/* Begin XCConfigurationList section */
		00C2D80527A75A44001CD0C0 /* Build configuration list for PBXProject "Thoughts" */ = {
			isa = XCConfigurationList;
			buildConfigurations = (
				00C2D81C27A75A45001CD0C0 /* Debug */,
				00C2D81D27A75A45001CD0C0 /* Release */,
			);
			defaultConfigurationIsVisible = 0;
			defaultConfigurationName = Release;
		};
		00C2D81E27A75A45001CD0C0 /* Build configuration list for PBXNativeTarget "Thoughts" */ = {
			isa = XCConfigurationList;
			buildConfigurations = (
				00C2D81F27A75A45001CD0C0 /* Debug */,
				00C2D82027A75A45001CD0C0 /* Release */,
			);
			defaultConfigurationIsVisible = 0;
			defaultConfigurationName = Release;
		};
/* End XCConfigurationList section */
	};
	rootObject = 00C2D80227A75A44001CD0C0 /* Project object */;
}
